
Microsoft Visual Studio Solution File, Format Version 12.00
# Visual Studio Version 16
VisualStudioVersion = 16.0.29519.87
MinimumVisualStudioVersion = 10.0.40219.1
Project("{9A19103F-16F7-4668-BE54-9A1E7A4F7556}") = "UsedCars", "UsedCars\UsedCars.csproj", "{78560C27-2125-4DD0-9A69-23CF88DB1EF8}"
EndProject
Global
	GlobalSection(SolutionConfigurationPlatforms) = preSolution
		Debug|Any CPU = Debug|Any CPU
		Release|Any CPU = Release|Any CPU
	EndGlobalSection
	GlobalSection(ProjectConfigurationPlatforms) = postSolution
		{78560C27-2125-4DD0-9A69-23CF88DB1EF8}.Debug|Any CPU.ActiveCfg = Debug|Any CPU
		{78560C27-2125-4DD0-9A69-23CF88DB1EF8}.Debug|Any CPU.Build.0 = Debug|Any CPU
		{78560C27-2125-4DD0-9A69-23CF88DB1EF8}.Release|Any CPU.ActiveCfg = Release|Any CPU
		{78560C27-2125-4DD0-9A69-23CF88DB1EF8}.Release|Any CPU.Build.0 = Release|Any CPU
	EndGlobalSection
	GlobalSection(SolutionProperties) = preSolution
		HideSolutionNode = FALSE
	EndGlobalSection
	GlobalSection(ExtensibilityGlobals) = postSolution
		SolutionGuid = {944601D9-61E6-4130-9429-89CA565C7F82}
	EndGlobalSection
EndGlobal
